
Microsoft Visual Studio Solution File, Format Version 12.00
# Visual Studio Version 16
VisualStudioVersion = 16.0.29230.47
MinimumVisualStudioVersion = 10.0.40219.1
Project("{2150E333-8FDC-42A3-9474-1A3956D46DE8}") = "Tests", "Tests", "{932D7031-DDE9-4319-AD6B-831FF5E9E9AD}"
EndProject
Project("{9A19103F-16F7-4668-BE54-9A1E7A4F7556}") = "Core", "Core\Core.csproj", "{220AAA5B-2281-416E-BCD1-B7FFD356AE94}"
EndProject
Project("{9A19103F-16F7-4668-BE54-9A1E7A4F7556}") = "Tests.Common", "Tests.Common\Tests.Common.csproj", "{E77083F8-D802-4AA7-AF55-3C109E62B46C}"
EndProject
Project("{9A19103F-16F7-4668-BE54-9A1E7A4F7556}") = "Core.Tests", "Core.Tests\Core.Tests.csproj", "{DA2AE463-7C93-40AA-B896-048F3CB8532D}"
EndProject
Project("{9A19103F-16F7-4668-BE54-9A1E7A4F7556}") = "Web", "Web\Web.csproj", "{3F69A2AE-A4BE-47CB-B484-3CE621C5DDDE}"
EndProject
Project("{2150E333-8FDC-42A3-9474-1A3956D46DE8}") = "Solution Items", "Solution Items", "{D253460D-9ABC-4BFE-9C5A-8F21AC92D708}"
	ProjectSection(SolutionItems) = preProject
		.gitignore = .gitignore
		Directory.Build.props = Directory.Build.props
	EndProjectSection
EndProject
Global
	GlobalSection(SolutionConfigurationPlatforms) = preSolution
		Debug|Any CPU = Debug|Any CPU
		Release|Any CPU = Release|Any CPU
	EndGlobalSection
	GlobalSection(ProjectConfigurationPlatforms) = postSolution
		{220AAA5B-2281-416E-BCD1-B7FFD356AE94}.Debug|Any CPU.ActiveCfg = Debug|Any CPU
		{220AAA5B-2281-416E-BCD1-B7FFD356AE94}.Debug|Any CPU.Build.0 = Debug|Any CPU
		{220AAA5B-2281-416E-BCD1-B7FFD356AE94}.Release|Any CPU.ActiveCfg = Release|Any CPU
		{220AAA5B-2281-416E-BCD1-B7FFD356AE94}.Release|Any CPU.Build.0 = Release|Any CPU
		{E77083F8-D802-4AA7-AF55-3C109E62B46C}.Debug|Any CPU.ActiveCfg = Debug|Any CPU
		{E77083F8-D802-4AA7-AF55-3C109E62B46C}.Debug|Any CPU.Build.0 = Debug|Any CPU
		{E77083F8-D802-4AA7-AF55-3C109E62B46C}.Release|Any CPU.ActiveCfg = Release|Any CPU
		{E77083F8-D802-4AA7-AF55-3C109E62B46C}.Release|Any CPU.Build.0 = Release|Any CPU
		{DA2AE463-7C93-40AA-B896-048F3CB8532D}.Debug|Any CPU.ActiveCfg = Debug|Any CPU
		{DA2AE463-7C93-40AA-B896-048F3CB8532D}.Debug|Any CPU.Build.0 = Debug|Any CPU
		{DA2AE463-7C93-40AA-B896-048F3CB8532D}.Release|Any CPU.ActiveCfg = Release|Any CPU
		{DA2AE463-7C93-40AA-B896-048F3CB8532D}.Release|Any CPU.Build.0 = Release|Any CPU
		{3F69A2AE-A4BE-47CB-B484-3CE621C5DDDE}.Debug|Any CPU.ActiveCfg = Debug|Any CPU
		{3F69A2AE-A4BE-47CB-B484-3CE621C5DDDE}.Debug|Any CPU.Build.0 = Debug|Any CPU
		{3F69A2AE-A4BE-47CB-B484-3CE621C5DDDE}.Release|Any CPU.ActiveCfg = Release|Any CPU
		{3F69A2AE-A4BE-47CB-B484-3CE621C5DDDE}.Release|Any CPU.Build.0 = Release|Any CPU
	EndGlobalSection
	GlobalSection(SolutionProperties) = preSolution
		HideSolutionNode = FALSE
	EndGlobalSection
	GlobalSection(NestedProjects) = preSolution
		{E77083F8-D802-4AA7-AF55-3C109E62B46C} = {932D7031-DDE9-4319-AD6B-831FF5E9E9AD}
		{DA2AE463-7C93-40AA-B896-048F3CB8532D} = {932D7031-DDE9-4319-AD6B-831FF5E9E9AD}
	EndGlobalSection
	GlobalSection(ExtensibilityGlobals) = postSolution
		SolutionGuid = {B3065B92-C64B-4336-80D3-B45DA86110F8}
	EndGlobalSection
EndGlobal
