
Microsoft Visual Studio Solution File, Format Version 12.00
# Visual Studio 2012
Project("{FAE04EC0-301F-11D3-BF4B-00C04F79EFBC}") = "Web", "Web\Web.csproj", "{DEF21EFC-7548-4601-8127-3FD4BE959EBB}"
EndProject
Project("{FAE04EC0-301F-11D3-BF4B-00C04F79EFBC}") = "Web.Tests", "Web.Tests\Web.Tests.csproj", "{54DD3BBB-283F-46A2-AA3F-A0770A652E77}"
EndProject
Project("{FAE04EC0-301F-11D3-BF4B-00C04F79EFBC}") = "Tests.Common", "Tests.Common\Tests.Common.csproj", "{461ED071-4BBA-41D1-8355-A334DE78A744}"
EndProject
Project("{2150E333-8FDC-42A3-9474-1A3956D46DE8}") = "Tests", "Tests", "{932D7031-DDE9-4319-AD6B-831FF5E9E9AD}"
EndProject
Project("{FAE04EC0-301F-11D3-BF4B-00C04F79EFBC}") = "Core", "Core\Core.csproj", "{7E85E3B7-C78B-49DD-B5B3-B6462F56ED9A}"
EndProject
Project("{FAE04EC0-301F-11D3-BF4B-00C04F79EFBC}") = "Infrastructure.Http", "Infrastructure.Http\Infrastructure.Http.csproj", "{A4038FFA-EB5D-4EEB-BC84-CADBDBA0EF5D}"
EndProject
Project("{FAE04EC0-301F-11D3-BF4B-00C04F79EFBC}") = "Infrastructure.System", "Infrastructure.System\Infrastructure.System.csproj", "{873F24AE-D0EB-472E-8CE7-581E34430C0D}"
EndProject
Project("{FAE04EC0-301F-11D3-BF4B-00C04F79EFBC}") = "Core.Tests", "Core.Tests\Core.Tests.csproj", "{0373491C-BCFB-436A-B35C-F33E4FE5C8D7}"
EndProject
Global
	GlobalSection(SolutionConfigurationPlatforms) = preSolution
		Debug|Any CPU = Debug|Any CPU
		Release|Any CPU = Release|Any CPU
	EndGlobalSection
	GlobalSection(ProjectConfigurationPlatforms) = postSolution
		{DEF21EFC-7548-4601-8127-3FD4BE959EBB}.Debug|Any CPU.ActiveCfg = Debug|Any CPU
		{DEF21EFC-7548-4601-8127-3FD4BE959EBB}.Debug|Any CPU.Build.0 = Debug|Any CPU
		{DEF21EFC-7548-4601-8127-3FD4BE959EBB}.Release|Any CPU.ActiveCfg = Release|Any CPU
		{DEF21EFC-7548-4601-8127-3FD4BE959EBB}.Release|Any CPU.Build.0 = Release|Any CPU
		{54DD3BBB-283F-46A2-AA3F-A0770A652E77}.Debug|Any CPU.ActiveCfg = Debug|Any CPU
		{54DD3BBB-283F-46A2-AA3F-A0770A652E77}.Debug|Any CPU.Build.0 = Debug|Any CPU
		{54DD3BBB-283F-46A2-AA3F-A0770A652E77}.Release|Any CPU.ActiveCfg = Release|Any CPU
		{54DD3BBB-283F-46A2-AA3F-A0770A652E77}.Release|Any CPU.Build.0 = Release|Any CPU
		{461ED071-4BBA-41D1-8355-A334DE78A744}.Debug|Any CPU.ActiveCfg = Debug|Any CPU
		{461ED071-4BBA-41D1-8355-A334DE78A744}.Debug|Any CPU.Build.0 = Debug|Any CPU
		{461ED071-4BBA-41D1-8355-A334DE78A744}.Release|Any CPU.ActiveCfg = Release|Any CPU
		{461ED071-4BBA-41D1-8355-A334DE78A744}.Release|Any CPU.Build.0 = Release|Any CPU
		{7E85E3B7-C78B-49DD-B5B3-B6462F56ED9A}.Debug|Any CPU.ActiveCfg = Debug|Any CPU
		{7E85E3B7-C78B-49DD-B5B3-B6462F56ED9A}.Debug|Any CPU.Build.0 = Debug|Any CPU
		{7E85E3B7-C78B-49DD-B5B3-B6462F56ED9A}.Release|Any CPU.ActiveCfg = Release|Any CPU
		{7E85E3B7-C78B-49DD-B5B3-B6462F56ED9A}.Release|Any CPU.Build.0 = Release|Any CPU
		{A4038FFA-EB5D-4EEB-BC84-CADBDBA0EF5D}.Debug|Any CPU.ActiveCfg = Debug|Any CPU
		{A4038FFA-EB5D-4EEB-BC84-CADBDBA0EF5D}.Debug|Any CPU.Build.0 = Debug|Any CPU
		{A4038FFA-EB5D-4EEB-BC84-CADBDBA0EF5D}.Release|Any CPU.ActiveCfg = Release|Any CPU
		{A4038FFA-EB5D-4EEB-BC84-CADBDBA0EF5D}.Release|Any CPU.Build.0 = Release|Any CPU
		{873F24AE-D0EB-472E-8CE7-581E34430C0D}.Debug|Any CPU.ActiveCfg = Debug|Any CPU
		{873F24AE-D0EB-472E-8CE7-581E34430C0D}.Debug|Any CPU.Build.0 = Debug|Any CPU
		{873F24AE-D0EB-472E-8CE7-581E34430C0D}.Release|Any CPU.ActiveCfg = Release|Any CPU
		{873F24AE-D0EB-472E-8CE7-581E34430C0D}.Release|Any CPU.Build.0 = Release|Any CPU
		{0373491C-BCFB-436A-B35C-F33E4FE5C8D7}.Debug|Any CPU.ActiveCfg = Debug|Any CPU
		{0373491C-BCFB-436A-B35C-F33E4FE5C8D7}.Debug|Any CPU.Build.0 = Debug|Any CPU
		{0373491C-BCFB-436A-B35C-F33E4FE5C8D7}.Release|Any CPU.ActiveCfg = Release|Any CPU
		{0373491C-BCFB-436A-B35C-F33E4FE5C8D7}.Release|Any CPU.Build.0 = Release|Any CPU
	EndGlobalSection
	GlobalSection(SolutionProperties) = preSolution
		HideSolutionNode = FALSE
	EndGlobalSection
	GlobalSection(NestedProjects) = preSolution
		{461ED071-4BBA-41D1-8355-A334DE78A744} = {932D7031-DDE9-4319-AD6B-831FF5E9E9AD}
		{54DD3BBB-283F-46A2-AA3F-A0770A652E77} = {932D7031-DDE9-4319-AD6B-831FF5E9E9AD}
		{0373491C-BCFB-436A-B35C-F33E4FE5C8D7} = {932D7031-DDE9-4319-AD6B-831FF5E9E9AD}
	EndGlobalSection
EndGlobal
